{
    "_meta": {
        "hash": {
            "sha256": "4b43f019d40f1cb221f5bb3b6f912f4c3b26231c8273272203fb33f1a6e11d7d"
        },
        "requires": {},
        "sources": [
            {
                "url": "https://pypi.org/",
                "verify_ssl": true
            }
        ]
    },
    "default": {
        "beautifulsoup4": "*",
        "mechanize": "*"
    },
    "develop": {}
}
